
Microsoft Visual Studio Solution File, Format Version 12.00
# Visual Studio Version 16
VisualStudioVersion = 16.0.31424.327
MinimumVisualStudioVersion = 10.0.40219.1
Project("{9A19103F-16F7-4668-BE54-9A1E7A4F7556}") = "Concessionario", "Concessionario.csproj", "{B2ED980C-A6AC-48B3-8AA3-00D512B1F763}"
EndProject
Global
	GlobalSection(SolutionConfigurationPlatforms) = preSolution
		Debug|Any CPU = Debug|Any CPU
		Release|Any CPU = Release|Any CPU
	EndGlobalSection
	GlobalSection(ProjectConfigurationPlatforms) = postSolution
		{B2ED980C-A6AC-48B3-8AA3-00D512B1F763}.Debug|Any CPU.ActiveCfg = Debug|Any CPU
		{B2ED980C-A6AC-48B3-8AA3-00D512B1F763}.Debug|Any CPU.Build.0 = Debug|Any CPU
		{B2ED980C-A6AC-48B3-8AA3-00D512B1F763}.Release|Any CPU.ActiveCfg = Release|Any CPU
		{B2ED980C-A6AC-48B3-8AA3-00D512B1F763}.Release|Any CPU.Build.0 = Release|Any CPU
	EndGlobalSection
	GlobalSection(SolutionProperties) = preSolution
		HideSolutionNode = FALSE
	EndGlobalSection
	GlobalSection(ExtensibilityGlobals) = postSolution
		SolutionGuid = {F7D57FA2-83B5-4FA0-9D78-C3B44948CD69}
	EndGlobalSection
EndGlobal
